
Microsoft Visual Studio Solution File, Format Version 12.00
# Visual Studio 15
VisualStudioVersion = 15.0.27703.2042
MinimumVisualStudioVersion = 10.0.40219.1
Project("{2150E333-8FDC-42A3-9474-1A3956D46DE8}") = "src", "src", "{2534566A-EF7F-4715-B503-FEF58488F27B}"
EndProject
Project("{9A19103F-16F7-4668-BE54-9A1E7A4F7556}") = "WebApplication1", "src\WebApplication1\WebApplication1.csproj", "{796FCA8E-DFFC-4C43-8970-A278653FE71A}"
EndProject
Project("{9A19103F-16F7-4668-BE54-9A1E7A4F7556}") = "WebApplication2", "src\WebApplication2\WebApplication2.csproj", "{7E738251-765F-4A1F-BE83-14B21ACD18F7}"
EndProject
Project("{FAE04EC0-301F-11D3-BF4B-00C04F79EFBC}") = "NgApp1", "src\NgApp1\NgApp1.csproj", "{2788C934-3324-4D8C-BCF0-1C2783A1EF75}"
EndProject
Global
	GlobalSection(SolutionConfigurationPlatforms) = preSolution
		Debug|Any CPU = Debug|Any CPU
		Release|Any CPU = Release|Any CPU
	EndGlobalSection
	GlobalSection(ProjectConfigurationPlatforms) = postSolution
		{796FCA8E-DFFC-4C43-8970-A278653FE71A}.Debug|Any CPU.ActiveCfg = Debug|Any CPU
		{796FCA8E-DFFC-4C43-8970-A278653FE71A}.Debug|Any CPU.Build.0 = Debug|Any CPU
		{796FCA8E-DFFC-4C43-8970-A278653FE71A}.Release|Any CPU.ActiveCfg = Release|Any CPU
		{796FCA8E-DFFC-4C43-8970-A278653FE71A}.Release|Any CPU.Build.0 = Release|Any CPU
		{7E738251-765F-4A1F-BE83-14B21ACD18F7}.Debug|Any CPU.ActiveCfg = Debug|Any CPU
		{7E738251-765F-4A1F-BE83-14B21ACD18F7}.Debug|Any CPU.Build.0 = Debug|Any CPU
		{7E738251-765F-4A1F-BE83-14B21ACD18F7}.Release|Any CPU.ActiveCfg = Release|Any CPU
		{7E738251-765F-4A1F-BE83-14B21ACD18F7}.Release|Any CPU.Build.0 = Release|Any CPU
		{2788C934-3324-4D8C-BCF0-1C2783A1EF75}.Debug|Any CPU.ActiveCfg = Debug|Any CPU
		{2788C934-3324-4D8C-BCF0-1C2783A1EF75}.Debug|Any CPU.Build.0 = Debug|Any CPU
		{2788C934-3324-4D8C-BCF0-1C2783A1EF75}.Release|Any CPU.ActiveCfg = Release|Any CPU
		{2788C934-3324-4D8C-BCF0-1C2783A1EF75}.Release|Any CPU.Build.0 = Release|Any CPU
	EndGlobalSection
	GlobalSection(SolutionProperties) = preSolution
		HideSolutionNode = FALSE
	EndGlobalSection
	GlobalSection(NestedProjects) = preSolution
		{796FCA8E-DFFC-4C43-8970-A278653FE71A} = {2534566A-EF7F-4715-B503-FEF58488F27B}
		{7E738251-765F-4A1F-BE83-14B21ACD18F7} = {2534566A-EF7F-4715-B503-FEF58488F27B}
		{2788C934-3324-4D8C-BCF0-1C2783A1EF75} = {2534566A-EF7F-4715-B503-FEF58488F27B}
	EndGlobalSection
	GlobalSection(ExtensibilityGlobals) = postSolution
		SolutionGuid = {0871B311-B376-46F8-830E-E0E7EC2DC3F6}
	EndGlobalSection
EndGlobal
